// !$*UTF8*$!
{
	archiveVersion = 1;
	classes = {
	};
	objectVersion = 77;
	objects = {

/* Begin PBXBuildFile section */
		00C9E1D233FCB1C04CE1D654 /* DCABotService.swift in Sources */ = {isa = PBXBuildFile; fileRef = A040C883A6D8DC59492BDE6A /* DCABotService.swift */; };
		0430DF3D9772D0A7C03E7A0E /* GovernanceService.swift in Sources */ = {isa = PBXBuildFile; fileRef = 022A2ED1DE28A048F48FD493 /* GovernanceService.swift */; };
		177B647F3E39E57FFD7CF3F6 /* AnalyticsService.swift in Sources */ = {isa = PBXBuildFile; fileRef = BBC2A93ECFD8AD112DE8B582 /* AnalyticsService.swift */; };
		1794EFE7E86C16EBA941ACCC /* AnalyticsDashboardView.swift in Sources */ = {isa = PBXBuildFile; fileRef = 0F906DFA2464E6D63A8FFC56 /* AnalyticsDashboardView.swift */; };
		2809AEF33A8268C406B53B6A /* BusinessService.swift in Sources */ = {isa = PBXBuildFile; fileRef = BCDF62FD7EFAB349918C9D46 /* BusinessService.swift */; };
		2DB79ADB1FAFA2FE79BCC822 /* CardService.swift in Sources */ = {isa = PBXBuildFile; fileRef = F032991A3F7FC8136F21CAE0 /* CardService.swift */; };
		2DB89FCE460F57C7C120F92F /* BusinessDashboardView.swift in Sources */ = {isa = PBXBuildFile; fileRef = 27A15956BE4EF1F6A8B1E123 /* BusinessDashboardView.swift */; };
		35750D0BC3F41521E15F9E91 /* CryptoProvider.swift in Sources */ = {isa = PBXBuildFile; fileRef = 93891AC0D21ACCD504A8324F /* CryptoProvider.swift */; };
		55BD684EF51278EFAB18B49E /* BlockchainService.swift in Sources */ = {isa = PBXBuildFile; fileRef = 681347EFCD5AA51F2AE95D86 /* BlockchainService.swift */; };
		5DCBC9EDBA7DB2CD7AA5BC34 /* DAODashboardView.swift in Sources */ = {isa = PBXBuildFile; fileRef = C7EA07D34B2D713420B3685C /* DAODashboardView.swift */; };
		759120EB737FB9FD6DDFEC10 /* DAppBrowserView.swift in Sources */ = {isa = PBXBuildFile; fileRef = 2195814DB6756F68F82A9DAB /* DAppBrowserView.swift */; };
		839FCBC60BD21E5E7895C372 /* VirtualCardView.swift in Sources */ = {isa = PBXBuildFile; fileRef = 1565CDE2DCE6AE1860D4A6F5 /* VirtualCardView.swift */; };
		8782DB0965E64DBEA4AC5C97 /* CryptoCard.swift in Sources */ = {isa = PBXBuildFile; fileRef = 40077B296E7C277D9BAEA88E /* CryptoCard.swift */; };
		881987E25738E22C03C9332D /* MultisigService.swift in Sources */ = {isa = PBXBuildFile; fileRef = 8040D62A4724A8F62A208A35 /* MultisigService.swift */; };
		99CAEA45FCCE5150D262BA21 /* DCABotView.swift in Sources */ = {isa = PBXBuildFile; fileRef = F5C5DD17872E3D22188B1B25 /* DCABotView.swift */; };
		9CE8295131F567C11E25659D /* MultisigWalletView.swift in Sources */ = {isa = PBXBuildFile; fileRef = 97AC1A1B0F13CC5076315948 /* MultisigWalletView.swift */; };
		B51ACAC3E363C044E4AE0B9D /* KeychainService.swift in Sources */ = {isa = PBXBuildFile; fileRef = F37C2284C17E41BF9A1203F1 /* KeychainService.swift */; };
		CB015DB1C43E845049C306E9 /* CardManagementView.swift in Sources */ = {isa = PBXBuildFile; fileRef = 90CA63DB77E06174095EDE1B /* CardManagementView.swift */; };
		CF1C6C4353DA6EA3BD69D7F8 /* MainTabView.swift in Sources */ = {isa = PBXBuildFile; fileRef = 9EF359420EF8F5CED8976D6E /* MainTabView.swift */; };
		D858B45031F2E9DCF60800E3 /* SharedComponents.swift in Sources */ = {isa = PBXBuildFile; fileRef = 63CE2FA03243F08CF7FB5DBC /* SharedComponents.swift */; };
		E5FA14A54F715C23FB355E5F /* CardDetailView.swift in Sources */ = {isa = PBXBuildFile; fileRef = 399A430C644FA6FE070A7AF7 /* CardDetailView.swift */; };
		F36FA80E2D2ECD17A1D291AE /* EtridWalletApp.swift in Sources */ = {isa = PBXBuildFile; fileRef = A8DC8F65DE70B8AF42C476D7 /* EtridWalletApp.swift */; };
		F5E49774191AD9256DC22954 /* NetworkService.swift in Sources */ = {isa = PBXBuildFile; fileRef = 9A50AD14593AB7BFAE672EE6 /* NetworkService.swift */; };
		FCB3046DEFABA7C02776A1ED /* WalletService.swift in Sources */ = {isa = PBXBuildFile; fileRef = B83E54358116EC900D3D0BD3 /* WalletService.swift */; };
		FD46CE7355ACD0066FA24C15 /* NFCPaymentView.swift in Sources */ = {isa = PBXBuildFile; fileRef = F9862CF813C84D70C0535201 /* NFCPaymentView.swift */; };
/* End PBXBuildFile section */

/* Begin PBXFileReference section */
		022A2ED1DE28A048F48FD493 /* GovernanceService.swift */ = {isa = PBXFileReference; lastKnownFileType = sourcecode.swift; path = GovernanceService.swift; sourceTree = "<group>"; };
		0F906DFA2464E6D63A8FFC56 /* AnalyticsDashboardView.swift */ = {isa = PBXFileReference; lastKnownFileType = sourcecode.swift; path = AnalyticsDashboardView.swift; sourceTree = "<group>"; };
		1565CDE2DCE6AE1860D4A6F5 /* VirtualCardView.swift */ = {isa = PBXFileReference; lastKnownFileType = sourcecode.swift; path = VirtualCardView.swift; sourceTree = "<group>"; };
		2195814DB6756F68F82A9DAB /* DAppBrowserView.swift */ = {isa = PBXFileReference; lastKnownFileType = sourcecode.swift; path = DAppBrowserView.swift; sourceTree = "<group>"; };
		27A15956BE4EF1F6A8B1E123 /* BusinessDashboardView.swift */ = {isa = PBXFileReference; lastKnownFileType = sourcecode.swift; path = BusinessDashboardView.swift; sourceTree = "<group>"; };
		399A430C644FA6FE070A7AF7 /* CardDetailView.swift */ = {isa = PBXFileReference; lastKnownFileType = sourcecode.swift; path = CardDetailView.swift; sourceTree = "<group>"; };
		40077B296E7C277D9BAEA88E /* CryptoCard.swift */ = {isa = PBXFileReference; lastKnownFileType = sourcecode.swift; path = CryptoCard.swift; sourceTree = "<group>"; };
		63CE2FA03243F08CF7FB5DBC /* SharedComponents.swift */ = {isa = PBXFileReference; lastKnownFileType = sourcecode.swift; path = SharedComponents.swift; sourceTree = "<group>"; };
		681347EFCD5AA51F2AE95D86 /* BlockchainService.swift */ = {isa = PBXFileReference; lastKnownFileType = sourcecode.swift; path = BlockchainService.swift; sourceTree = "<group>"; };
		8040D62A4724A8F62A208A35 /* MultisigService.swift */ = {isa = PBXFileReference; lastKnownFileType = sourcecode.swift; path = MultisigService.swift; sourceTree = "<group>"; };
		90CA63DB77E06174095EDE1B /* CardManagementView.swift */ = {isa = PBXFileReference; lastKnownFileType = sourcecode.swift; path = CardManagementView.swift; sourceTree = "<group>"; };
		93891AC0D21ACCD504A8324F /* CryptoProvider.swift */ = {isa = PBXFileReference; lastKnownFileType = sourcecode.swift; path = CryptoProvider.swift; sourceTree = "<group>"; };
		97AC1A1B0F13CC5076315948 /* MultisigWalletView.swift */ = {isa = PBXFileReference; lastKnownFileType = sourcecode.swift; path = MultisigWalletView.swift; sourceTree = "<group>"; };
		9A50AD14593AB7BFAE672EE6 /* NetworkService.swift */ = {isa = PBXFileReference; lastKnownFileType = sourcecode.swift; path = NetworkService.swift; sourceTree = "<group>"; };
		9EF359420EF8F5CED8976D6E /* MainTabView.swift */ = {isa = PBXFileReference; lastKnownFileType = sourcecode.swift; path = MainTabView.swift; sourceTree = "<group>"; };
		A040C883A6D8DC59492BDE6A /* DCABotService.swift */ = {isa = PBXFileReference; lastKnownFileType = sourcecode.swift; path = DCABotService.swift; sourceTree = "<group>"; };
		A8DC8F65DE70B8AF42C476D7 /* EtridWalletApp.swift */ = {isa = PBXFileReference; lastKnownFileType = sourcecode.swift; path = EtridWalletApp.swift; sourceTree = "<group>"; };
		B83E54358116EC900D3D0BD3 /* WalletService.swift */ = {isa = PBXFileReference; lastKnownFileType = sourcecode.swift; path = WalletService.swift; sourceTree = "<group>"; };
		BBC2A93ECFD8AD112DE8B582 /* AnalyticsService.swift */ = {isa = PBXFileReference; lastKnownFileType = sourcecode.swift; path = AnalyticsService.swift; sourceTree = "<group>"; };
		BCDF62FD7EFAB349918C9D46 /* BusinessService.swift */ = {isa = PBXFileReference; lastKnownFileType = sourcecode.swift; path = BusinessService.swift; sourceTree = "<group>"; };
		C7EA07D34B2D713420B3685C /* DAODashboardView.swift */ = {isa = PBXFileReference; lastKnownFileType = sourcecode.swift; path = DAODashboardView.swift; sourceTree = "<group>"; };
		E696A13848A469834B394D76 /* EtridWallet.app */ = {isa = PBXFileReference; includeInIndex = 0; lastKnownFileType = wrapper.application; path = EtridWallet.app; sourceTree = BUILT_PRODUCTS_DIR; };
		F032991A3F7FC8136F21CAE0 /* CardService.swift */ = {isa = PBXFileReference; lastKnownFileType = sourcecode.swift; path = CardService.swift; sourceTree = "<group>"; };
		F37C2284C17E41BF9A1203F1 /* KeychainService.swift */ = {isa = PBXFileReference; lastKnownFileType = sourcecode.swift; path = KeychainService.swift; sourceTree = "<group>"; };
		F5C5DD17872E3D22188B1B25 /* DCABotView.swift */ = {isa = PBXFileReference; lastKnownFileType = sourcecode.swift; path = DCABotView.swift; sourceTree = "<group>"; };
		F7766EBDB75D954A0EE63BB4 /* Info.plist */ = {isa = PBXFileReference; lastKnownFileType = text.plist; path = Info.plist; sourceTree = "<group>"; };
		F9862CF813C84D70C0535201 /* NFCPaymentView.swift */ = {isa = PBXFileReference; lastKnownFileType = sourcecode.swift; path = NFCPaymentView.swift; sourceTree = "<group>"; };
/* End PBXFileReference section */

/* Begin PBXGroup section */
		073CC3B6BE80AA6A10FB7427 /* DAO */ = {
			isa = PBXGroup;
			children = (
				C7EA07D34B2D713420B3685C /* DAODashboardView.swift */,
			);
			path = DAO;
			sourceTree = "<group>";
		};
		1D5884FB28FC5CA77173BC57 /* Analytics */ = {
			isa = PBXGroup;
			children = (
				0F906DFA2464E6D63A8FFC56 /* AnalyticsDashboardView.swift */,
			);
			path = Analytics;
			sourceTree = "<group>";
		};
		238962591E04DB4F5D1A5CFF /* DApp */ = {
			isa = PBXGroup;
			children = (
				2195814DB6756F68F82A9DAB /* DAppBrowserView.swift */,
			);
			path = DApp;
			sourceTree = "<group>";
		};
		47E274087036923B1EE613E3 /* Views */ = {
			isa = PBXGroup;
			children = (
				9EF359420EF8F5CED8976D6E /* MainTabView.swift */,
				63CE2FA03243F08CF7FB5DBC /* SharedComponents.swift */,
				1D5884FB28FC5CA77173BC57 /* Analytics */,
				9331B100C7622AD48F53743A /* Business */,
				BB8D166C4644C797B53EF8B0 /* Card */,
				073CC3B6BE80AA6A10FB7427 /* DAO */,
				238962591E04DB4F5D1A5CFF /* DApp */,
				5D22BF349EFB4FD0A64D4B4B /* DCA */,
				5DE0CA1F3EFB5045F5F454BD /* Multisig */,
			);
			path = Views;
			sourceTree = "<group>";
		};
		5D22BF349EFB4FD0A64D4B4B /* DCA */ = {
			isa = PBXGroup;
			children = (
				F5C5DD17872E3D22188B1B25 /* DCABotView.swift */,
			);
			path = DCA;
			sourceTree = "<group>";
		};
		5DE0CA1F3EFB5045F5F454BD /* Multisig */ = {
			isa = PBXGroup;
			children = (
				97AC1A1B0F13CC5076315948 /* MultisigWalletView.swift */,
			);
			path = Multisig;
			sourceTree = "<group>";
		};
		6A8D701D5FB8ED7F6F4CBB17 /* Services */ = {
			isa = PBXGroup;
			children = (
				BBC2A93ECFD8AD112DE8B582 /* AnalyticsService.swift */,
				681347EFCD5AA51F2AE95D86 /* BlockchainService.swift */,
				BCDF62FD7EFAB349918C9D46 /* BusinessService.swift */,
				F032991A3F7FC8136F21CAE0 /* CardService.swift */,
				93891AC0D21ACCD504A8324F /* CryptoProvider.swift */,
				A040C883A6D8DC59492BDE6A /* DCABotService.swift */,
				022A2ED1DE28A048F48FD493 /* GovernanceService.swift */,
				F37C2284C17E41BF9A1203F1 /* KeychainService.swift */,
				8040D62A4724A8F62A208A35 /* MultisigService.swift */,
				9A50AD14593AB7BFAE672EE6 /* NetworkService.swift */,
				B83E54358116EC900D3D0BD3 /* WalletService.swift */,
			);
			path = Services;
			sourceTree = "<group>";
		};
		7177EE42BCFA31A4D3C39E46 /* Models */ = {
			isa = PBXGroup;
			children = (
				40077B296E7C277D9BAEA88E /* CryptoCard.swift */,
			);
			path = Models;
			sourceTree = "<group>";
		};
		9331B100C7622AD48F53743A /* Business */ = {
			isa = PBXGroup;
			children = (
				27A15956BE4EF1F6A8B1E123 /* BusinessDashboardView.swift */,
			);
			path = Business;
			sourceTree = "<group>";
		};
		9DF84B9F4A219D6404E2BB2F /* EtridWallet */ = {
			isa = PBXGroup;
			children = (
				A8DC8F65DE70B8AF42C476D7 /* EtridWalletApp.swift */,
				F7766EBDB75D954A0EE63BB4 /* Info.plist */,
				7177EE42BCFA31A4D3C39E46 /* Models */,
				6A8D701D5FB8ED7F6F4CBB17 /* Services */,
				47E274087036923B1EE613E3 /* Views */,
			);
			path = EtridWallet;
			sourceTree = "<group>";
		};
		B3B484667769E998A954B3F7 /* Products */ = {
			isa = PBXGroup;
			children = (
				E696A13848A469834B394D76 /* EtridWallet.app */,
			);
			name = Products;
			sourceTree = "<group>";
		};
		BB8D166C4644C797B53EF8B0 /* Card */ = {
			isa = PBXGroup;
			children = (
				399A430C644FA6FE070A7AF7 /* CardDetailView.swift */,
				90CA63DB77E06174095EDE1B /* CardManagementView.swift */,
				F9862CF813C84D70C0535201 /* NFCPaymentView.swift */,
				1565CDE2DCE6AE1860D4A6F5 /* VirtualCardView.swift */,
			);
			path = Card;
			sourceTree = "<group>";
		};
		E69668CC375C4A92943EC2D0 = {
			isa = PBXGroup;
			children = (
				9DF84B9F4A219D6404E2BB2F /* EtridWallet */,
				B3B484667769E998A954B3F7 /* Products */,
			);
			sourceTree = "<group>";
		};
/* End PBXGroup section */

/* Begin PBXNativeTarget section */
		6CC42812D0020E0C8C57135D /* EtridWallet */ = {
			isa = PBXNativeTarget;
			buildConfigurationList = 6798CA93C31B3B70CDB7829E /* Build configuration list for PBXNativeTarget "EtridWallet" */;
			buildPhases = (
				48DEE8D320A8F5BDB8BB7700 /* Sources */,
			);
			buildRules = (
			);
			dependencies = (
			);
			name = EtridWallet;
			packageProductDependencies = (
			);
			productName = EtridWallet;
			productReference = E696A13848A469834B394D76 /* EtridWallet.app */;
			productType = "com.apple.product-type.application";
		};
/* End PBXNativeTarget section */

/* Begin PBXProject section */
		5D3A3E989B6B5601B2D87634 /* Project object */ = {
			isa = PBXProject;
			attributes = {
				BuildIndependentTargetsInParallel = YES;
				LastUpgradeCheck = 1500;
				TargetAttributes = {
					6CC42812D0020E0C8C57135D = {
						DevelopmentTeam = "";
						ProvisioningStyle = Automatic;
					};
				};
			};
			buildConfigurationList = ACEE99FFF94F1FBFF6E5E734 /* Build configuration list for PBXProject "EtridWallet" */;
			compatibilityVersion = "Xcode 14.0";
			developmentRegion = en;
			hasScannedForEncodings = 0;
			knownRegions = (
				Base,
				en,
			);
			mainGroup = E69668CC375C4A92943EC2D0;
			minimizedProjectReferenceProxies = 1;
			preferredProjectObjectVersion = 77;
			projectDirPath = "";
			projectRoot = "";
			targets = (
				6CC42812D0020E0C8C57135D /* EtridWallet */,
			);
		};
/* End PBXProject section */

/* Begin PBXSourcesBuildPhase section */
		48DEE8D320A8F5BDB8BB7700 /* Sources */ = {
			isa = PBXSourcesBuildPhase;
			buildActionMask = 2147483647;
			files = (
				1794EFE7E86C16EBA941ACCC /* AnalyticsDashboardView.swift in Sources */,
				177B647F3E39E57FFD7CF3F6 /* AnalyticsService.swift in Sources */,
				55BD684EF51278EFAB18B49E /* BlockchainService.swift in Sources */,
				2DB89FCE460F57C7C120F92F /* BusinessDashboardView.swift in Sources */,
				2809AEF33A8268C406B53B6A /* BusinessService.swift in Sources */,
				E5FA14A54F715C23FB355E5F /* CardDetailView.swift in Sources */,
				CB015DB1C43E845049C306E9 /* CardManagementView.swift in Sources */,
				2DB79ADB1FAFA2FE79BCC822 /* CardService.swift in Sources */,
				8782DB0965E64DBEA4AC5C97 /* CryptoCard.swift in Sources */,
				35750D0BC3F41521E15F9E91 /* CryptoProvider.swift in Sources */,
				5DCBC9EDBA7DB2CD7AA5BC34 /* DAODashboardView.swift in Sources */,
				759120EB737FB9FD6DDFEC10 /* DAppBrowserView.swift in Sources */,
				00C9E1D233FCB1C04CE1D654 /* DCABotService.swift in Sources */,
				99CAEA45FCCE5150D262BA21 /* DCABotView.swift in Sources */,
				F36FA80E2D2ECD17A1D291AE /* EtridWalletApp.swift in Sources */,
				0430DF3D9772D0A7C03E7A0E /* GovernanceService.swift in Sources */,
				B51ACAC3E363C044E4AE0B9D /* KeychainService.swift in Sources */,
				CF1C6C4353DA6EA3BD69D7F8 /* MainTabView.swift in Sources */,
				881987E25738E22C03C9332D /* MultisigService.swift in Sources */,
				9CE8295131F567C11E25659D /* MultisigWalletView.swift in Sources */,
				FD46CE7355ACD0066FA24C15 /* NFCPaymentView.swift in Sources */,
				F5E49774191AD9256DC22954 /* NetworkService.swift in Sources */,
				D858B45031F2E9DCF60800E3 /* SharedComponents.swift in Sources */,
				839FCBC60BD21E5E7895C372 /* VirtualCardView.swift in Sources */,
				FCB3046DEFABA7C02776A1ED /* WalletService.swift in Sources */,
			);
			runOnlyForDeploymentPostprocessing = 0;
		};
/* End PBXSourcesBuildPhase section */

/* Begin XCBuildConfiguration section */
		2A25B104355FCEF1FCC93906 /* Release */ = {
			isa = XCBuildConfiguration;
			buildSettings = {
				ASSETCATALOG_COMPILER_APPICON_NAME = AppIcon;
				ASSETCATALOG_COMPILER_GLOBAL_ACCENT_COLOR_NAME = AccentColor;
				CODE_SIGN_IDENTITY = "-";
				CODE_SIGN_STYLE = Automatic;
				CURRENT_PROJECT_VERSION = 1;
				DEVELOPMENT_TEAM = "";
				INFOPLIST_FILE = EtridWallet/Info.plist;
				LD_RUNPATH_SEARCH_PATHS = "$(inherited) @executable_path/Frameworks";
				MARKETING_VERSION = 1.0.0;
				PRODUCT_BUNDLE_IDENTIFIER = com.etrid.wallet;
				SDKROOT = iphoneos;
				SWIFT_EMIT_LOC_STRINGS = YES;
				TARGETED_DEVICE_FAMILY = "1,2";
			};
			name = Release;
		};
		49DFE63BA57D3B2648118173 /* Release */ = {
			isa = XCBuildConfiguration;
			buildSettings = {
				ALWAYS_SEARCH_USER_PATHS = NO;
				CLANG_ANALYZER_NONNULL = YES;
				CLANG_ANALYZER_NUMBER_OBJECT_CONVERSION = YES_AGGRESSIVE;
				CLANG_CXX_LANGUAGE_STANDARD = "gnu++14";
				CLANG_CXX_LIBRARY = "libc++";
				CLANG_ENABLE_MODULES = YES;
				CLANG_ENABLE_OBJC_ARC = YES;
				CLANG_ENABLE_OBJC_WEAK = YES;
				CLANG_WARN_BLOCK_CAPTURE_AUTORELEASING = YES;
				CLANG_WARN_BOOL_CONVERSION = YES;
				CLANG_WARN_COMMA = YES;
				CLANG_WARN_CONSTANT_CONVERSION = YES;
				CLANG_WARN_DEPRECATED_OBJC_IMPLEMENTATIONS = YES;
				CLANG_WARN_DIRECT_OBJC_ISA_USAGE = YES_ERROR;
				CLANG_WARN_DOCUMENTATION_COMMENTS = YES;
				CLANG_WARN_EMPTY_BODY = YES;
				CLANG_WARN_ENUM_CONVERSION = YES;
				CLANG_WARN_INFINITE_RECURSION = YES;
				CLANG_WARN_INT_CONVERSION = YES;
				CLANG_WARN_NON_LITERAL_NULL_CONVERSION = YES;
				CLANG_WARN_OBJC_IMPLICIT_RETAIN_SELF = YES;
				CLANG_WARN_OBJC_LITERAL_CONVERSION = YES;
				CLANG_WARN_OBJC_ROOT_CLASS = YES_ERROR;
				CLANG_WARN_QUOTED_INCLUDE_IN_FRAMEWORK_HEADER = YES;
				CLANG_WARN_RANGE_LOOP_ANALYSIS = YES;
				CLANG_WARN_STRICT_PROTOTYPES = YES;
				CLANG_WARN_SUSPICIOUS_MOVE = YES;
				CLANG_WARN_UNGUARDED_AVAILABILITY = YES_AGGRESSIVE;
				CLANG_WARN_UNREACHABLE_CODE = YES;
				CLANG_WARN__DUPLICATE_METHOD_MATCH = YES;
				COPY_PHASE_STRIP = NO;
				DEBUG_INFORMATION_FORMAT = "dwarf-with-dsym";
				ENABLE_NS_ASSERTIONS = NO;
				ENABLE_STRICT_OBJC_MSGSEND = YES;
				ENABLE_USER_SCRIPT_SANDBOXING = NO;
				GCC_C_LANGUAGE_STANDARD = gnu11;
				GCC_NO_COMMON_BLOCKS = YES;
				GCC_WARN_64_TO_32_BIT_CONVERSION = YES;
				GCC_WARN_ABOUT_RETURN_TYPE = YES_ERROR;
				GCC_WARN_UNDECLARED_SELECTOR = YES;
				GCC_WARN_UNINITIALIZED_AUTOS = YES_AGGRESSIVE;
				GCC_WARN_UNUSED_FUNCTION = YES;
				GCC_WARN_UNUSED_VARIABLE = YES;
				IPHONEOS_DEPLOYMENT_TARGET = 17.0;
				MTL_ENABLE_DEBUG_INFO = NO;
				MTL_FAST_MATH = YES;
				PRODUCT_NAME = "$(TARGET_NAME)";
				SDKROOT = iphoneos;
				SWIFT_COMPILATION_MODE = wholemodule;
				SWIFT_OPTIMIZATION_LEVEL = "-O";
				SWIFT_VERSION = 5.9;
			};
			name = Release;
		};
		7B475A19A81DE880AB30F097 /* Debug */ = {
			isa = XCBuildConfiguration;
			buildSettings = {
				ASSETCATALOG_COMPILER_APPICON_NAME = AppIcon;
				ASSETCATALOG_COMPILER_GLOBAL_ACCENT_COLOR_NAME = AccentColor;
				CODE_SIGN_IDENTITY = "-";
				CODE_SIGN_STYLE = Automatic;
				CURRENT_PROJECT_VERSION = 1;
				DEVELOPMENT_TEAM = "";
				INFOPLIST_FILE = EtridWallet/Info.plist;
				LD_RUNPATH_SEARCH_PATHS = "$(inherited) @executable_path/Frameworks";
				MARKETING_VERSION = 1.0.0;
				PRODUCT_BUNDLE_IDENTIFIER = com.etrid.wallet;
				SDKROOT = iphoneos;
				SWIFT_EMIT_LOC_STRINGS = YES;
				TARGETED_DEVICE_FAMILY = "1,2";
			};
			name = Debug;
		};
		FE8D4482A197BD06E9DF0AC5 /* Debug */ = {
			isa = XCBuildConfiguration;
			buildSettings = {
				ALWAYS_SEARCH_USER_PATHS = NO;
				CLANG_ANALYZER_NONNULL = YES;
				CLANG_ANALYZER_NUMBER_OBJECT_CONVERSION = YES_AGGRESSIVE;
				CLANG_CXX_LANGUAGE_STANDARD = "gnu++14";
				CLANG_CXX_LIBRARY = "libc++";
				CLANG_ENABLE_MODULES = YES;
				CLANG_ENABLE_OBJC_ARC = YES;
				CLANG_ENABLE_OBJC_WEAK = YES;
				CLANG_WARN_BLOCK_CAPTURE_AUTORELEASING = YES;
				CLANG_WARN_BOOL_CONVERSION = YES;
				CLANG_WARN_COMMA = YES;
				CLANG_WARN_CONSTANT_CONVERSION = YES;
				CLANG_WARN_DEPRECATED_OBJC_IMPLEMENTATIONS = YES;
				CLANG_WARN_DIRECT_OBJC_ISA_USAGE = YES_ERROR;
				CLANG_WARN_DOCUMENTATION_COMMENTS = YES;
				CLANG_WARN_EMPTY_BODY = YES;
				CLANG_WARN_ENUM_CONVERSION = YES;
				CLANG_WARN_INFINITE_RECURSION = YES;
				CLANG_WARN_INT_CONVERSION = YES;
				CLANG_WARN_NON_LITERAL_NULL_CONVERSION = YES;
				CLANG_WARN_OBJC_IMPLICIT_RETAIN_SELF = YES;
				CLANG_WARN_OBJC_LITERAL_CONVERSION = YES;
				CLANG_WARN_OBJC_ROOT_CLASS = YES_ERROR;
				CLANG_WARN_QUOTED_INCLUDE_IN_FRAMEWORK_HEADER = YES;
				CLANG_WARN_RANGE_LOOP_ANALYSIS = YES;
				CLANG_WARN_STRICT_PROTOTYPES = YES;
				CLANG_WARN_SUSPICIOUS_MOVE = YES;
				CLANG_WARN_UNGUARDED_AVAILABILITY = YES_AGGRESSIVE;
				CLANG_WARN_UNREACHABLE_CODE = YES;
				CLANG_WARN__DUPLICATE_METHOD_MATCH = YES;
				COPY_PHASE_STRIP = NO;
				DEBUG_INFORMATION_FORMAT = dwarf;
				ENABLE_STRICT_OBJC_MSGSEND = YES;
				ENABLE_TESTABILITY = YES;
				ENABLE_USER_SCRIPT_SANDBOXING = NO;
				GCC_C_LANGUAGE_STANDARD = gnu11;
				GCC_DYNAMIC_NO_PIC = NO;
				GCC_NO_COMMON_BLOCKS = YES;
				GCC_OPTIMIZATION_LEVEL = 0;
				GCC_PREPROCESSOR_DEFINITIONS = (
					"$(inherited)",
					"DEBUG=1",
				);
				GCC_WARN_64_TO_32_BIT_CONVERSION = YES;
				GCC_WARN_ABOUT_RETURN_TYPE = YES_ERROR;
				GCC_WARN_UNDECLARED_SELECTOR = YES;
				GCC_WARN_UNINITIALIZED_AUTOS = YES_AGGRESSIVE;
				GCC_WARN_UNUSED_FUNCTION = YES;
				GCC_WARN_UNUSED_VARIABLE = YES;
				IPHONEOS_DEPLOYMENT_TARGET = 17.0;
				MTL_ENABLE_DEBUG_INFO = INCLUDE_SOURCE;
				MTL_FAST_MATH = YES;
				ONLY_ACTIVE_ARCH = YES;
				PRODUCT_NAME = "$(TARGET_NAME)";
				SDKROOT = iphoneos;
				SWIFT_ACTIVE_COMPILATION_CONDITIONS = DEBUG;
				SWIFT_OPTIMIZATION_LEVEL = "-Onone";
				SWIFT_VERSION = 5.9;
			};
			name = Debug;
		};
/* End XCBuildConfiguration section */

/* Begin XCConfigurationList section */
		6798CA93C31B3B70CDB7829E /* Build configuration list for PBXNativeTarget "EtridWallet" */ = {
			isa = XCConfigurationList;
			buildConfigurations = (
				7B475A19A81DE880AB30F097 /* Debug */,
				2A25B104355FCEF1FCC93906 /* Release */,
			);
			defaultConfigurationIsVisible = 0;
			defaultConfigurationName = Debug;
		};
		ACEE99FFF94F1FBFF6E5E734 /* Build configuration list for PBXProject "EtridWallet" */ = {
			isa = XCConfigurationList;
			buildConfigurations = (
				FE8D4482A197BD06E9DF0AC5 /* Debug */,
				49DFE63BA57D3B2648118173 /* Release */,
			);
			defaultConfigurationIsVisible = 0;
			defaultConfigurationName = Debug;
		};
/* End XCConfigurationList section */
	};
	rootObject = 5D3A3E989B6B5601B2D87634 /* Project object */;
}
